
Microsoft Visual Studio Solution File, Format Version 12.00
# Visual Studio Version 17
VisualStudioVersion = 17.14.36511.14
MinimumVisualStudioVersion = 10.0.40219.1
Project("{FAE04EC0-301F-11D3-BF4B-00C04F79EFBC}") = "GestaoLoja", "GestaoLoja\GestaoLoja.csproj", "{C81367C2-FBDF-4D55-B35D-E08D1DB24C8A}"
EndProject
Global
	GlobalSection(SolutionConfigurationPlatforms) = preSolution
		Debug|Any CPU = Debug|Any CPU
		Release|Any CPU = Release|Any CPU
	EndGlobalSection
	GlobalSection(ProjectConfigurationPlatforms) = postSolution
		{C81367C2-FBDF-4D55-B35D-E08D1DB24C8A}.Debug|Any CPU.ActiveCfg = Debug|Any CPU
		{C81367C2-FBDF-4D55-B35D-E08D1DB24C8A}.Debug|Any CPU.Build.0 = Debug|Any CPU
		{C81367C2-FBDF-4D55-B35D-E08D1DB24C8A}.Release|Any CPU.ActiveCfg = Release|Any CPU
		{C81367C2-FBDF-4D55-B35D-E08D1DB24C8A}.Release|Any CPU.Build.0 = Release|Any CPU
	EndGlobalSection
	GlobalSection(SolutionProperties) = preSolution
		HideSolutionNode = FALSE
	EndGlobalSection
	GlobalSection(ExtensibilityGlobals) = postSolution
		SolutionGuid = {EE5A22B7-F591-48E8-97C7-5CD77C7BC3B7}
	EndGlobalSection
EndGlobal
