
Microsoft Visual Studio Solution File, Format Version 12.00
# Visual Studio Version 17
VisualStudioVersion = 17.14.36603.0
MinimumVisualStudioVersion = 10.0.40219.1
Project("{FAE04EC0-301F-11D3-BF4B-00C04F79EFBC}") = "API", "API\API.csproj", "{55834EE7-88FC-4F5C-B099-80AC676FFC57}"
EndProject
Global
	GlobalSection(SolutionConfigurationPlatforms) = preSolution
		Debug|Any CPU = Debug|Any CPU
		Release|Any CPU = Release|Any CPU
	EndGlobalSection
	GlobalSection(ProjectConfigurationPlatforms) = postSolution
		{55834EE7-88FC-4F5C-B099-80AC676FFC57}.Debug|Any CPU.ActiveCfg = Debug|Any CPU
		{55834EE7-88FC-4F5C-B099-80AC676FFC57}.Debug|Any CPU.Build.0 = Debug|Any CPU
		{55834EE7-88FC-4F5C-B099-80AC676FFC57}.Release|Any CPU.ActiveCfg = Release|Any CPU
		{55834EE7-88FC-4F5C-B099-80AC676FFC57}.Release|Any CPU.Build.0 = Release|Any CPU
	EndGlobalSection
	GlobalSection(SolutionProperties) = preSolution
		HideSolutionNode = FALSE
	EndGlobalSection
	GlobalSection(ExtensibilityGlobals) = postSolution
		SolutionGuid = {526084A6-C216-477C-9DC8-4490BD684EEF}
	EndGlobalSection
EndGlobal
